
Microsoft Visual Studio Solution File, Format Version 12.00
# Visual Studio Version 17
VisualStudioVersion = 17.6.33815.320
MinimumVisualStudioVersion = 10.0.40219.1
Project("{FAE04EC0-301F-11D3-BF4B-00C04F79EFBC}") = "WebApi", "WebApi\WebApi.csproj", "{D419D657-DE09-453A-841D-B1C49C414A8B}"
EndProject
Project("{2150E333-8FDC-42A3-9474-1A3956D46DE8}") = "Tests", "Tests", "{D2C2BEAB-6809-497F-89AB-890B604EF568}"
EndProject
Project("{FAE04EC0-301F-11D3-BF4B-00C04F79EFBC}") = "WebApi.UnitTests", "Tests\WebApi.UnitTests\WebApi.UnitTests.csproj", "{CE2E4D79-6D38-4F43-B41E-F770B3D0AF85}"
EndProject
Global
	GlobalSection(SolutionConfigurationPlatforms) = preSolution
		Debug|Any CPU = Debug|Any CPU
		Release|Any CPU = Release|Any CPU
	EndGlobalSection
	GlobalSection(ProjectConfigurationPlatforms) = postSolution
		{D419D657-DE09-453A-841D-B1C49C414A8B}.Debug|Any CPU.ActiveCfg = Debug|Any CPU
		{D419D657-DE09-453A-841D-B1C49C414A8B}.Debug|Any CPU.Build.0 = Debug|Any CPU
		{D419D657-DE09-453A-841D-B1C49C414A8B}.Release|Any CPU.ActiveCfg = Release|Any CPU
		{D419D657-DE09-453A-841D-B1C49C414A8B}.Release|Any CPU.Build.0 = Release|Any CPU
		{CE2E4D79-6D38-4F43-B41E-F770B3D0AF85}.Debug|Any CPU.ActiveCfg = Debug|Any CPU
		{CE2E4D79-6D38-4F43-B41E-F770B3D0AF85}.Debug|Any CPU.Build.0 = Debug|Any CPU
		{CE2E4D79-6D38-4F43-B41E-F770B3D0AF85}.Release|Any CPU.ActiveCfg = Release|Any CPU
		{CE2E4D79-6D38-4F43-B41E-F770B3D0AF85}.Release|Any CPU.Build.0 = Release|Any CPU
	EndGlobalSection
	GlobalSection(SolutionProperties) = preSolution
		HideSolutionNode = FALSE
	EndGlobalSection
	GlobalSection(ExtensibilityGlobals) = postSolution
		SolutionGuid = {7AD520FF-7C43-4715-A957-95FCEF02A8BC}
	EndGlobalSection
	GlobalSection(NestedProjects) = preSolution
		{CE2E4D79-6D38-4F43-B41E-F770B3D0AF85} = {D2C2BEAB-6809-497F-89AB-890B604EF568}
	EndGlobalSection
EndGlobal
