
Microsoft Visual Studio Solution File, Format Version 12.00
# Visual Studio Version 17
VisualStudioVersion = 17.6.33815.320
MinimumVisualStudioVersion = 10.0.40219.1
Project("{FAE04EC0-301F-11D3-BF4B-00C04F79EFBC}") = "H1_RestfulApi", "H1_RestfulApi\H1_RestfulApi.csproj", "{A1F64D96-FCD2-459F-BEB6-312DE8177958}"
EndProject
Global
	GlobalSection(SolutionConfigurationPlatforms) = preSolution
		Debug|Any CPU = Debug|Any CPU
		Release|Any CPU = Release|Any CPU
	EndGlobalSection
	GlobalSection(ProjectConfigurationPlatforms) = postSolution
		{A1F64D96-FCD2-459F-BEB6-312DE8177958}.Debug|Any CPU.ActiveCfg = Debug|Any CPU
		{A1F64D96-FCD2-459F-BEB6-312DE8177958}.Debug|Any CPU.Build.0 = Debug|Any CPU
		{A1F64D96-FCD2-459F-BEB6-312DE8177958}.Release|Any CPU.ActiveCfg = Release|Any CPU
		{A1F64D96-FCD2-459F-BEB6-312DE8177958}.Release|Any CPU.Build.0 = Release|Any CPU
	EndGlobalSection
	GlobalSection(SolutionProperties) = preSolution
		HideSolutionNode = FALSE
	EndGlobalSection
	GlobalSection(ExtensibilityGlobals) = postSolution
		SolutionGuid = {C79DABE7-A1AD-451E-A176-A42F4353C564}
	EndGlobalSection
EndGlobal
